// !$*UTF8*$!
{
	archiveVersion = 1;
	classes = {
	};
	objectVersion = 77;
	objects = {

/* Begin PBXBuildFile section */
		4C5FE1352F3C6F03006400BE /* RevenueCat in Frameworks */ = {isa = PBXBuildFile; productRef = 4C5FE1342F3C6F03006400BE /* RevenueCat */; };
		4C5FE1372F3C6F03006400BE /* RevenueCatUI in Frameworks */ = {isa = PBXBuildFile; productRef = 4C5FE1362F3C6F03006400BE /* RevenueCatUI */; };
		4C69B5B52F2613130078BEBF /* Glur in Frameworks */ = {isa = PBXBuildFile; productRef = 4C69B5B42F2613130078BEBF /* Glur */; };
		4C76BFED2ED6B13400F98D86 /* SwiftUIIntrospect in Frameworks */ = {isa = PBXBuildFile; productRef = 4C76BFEC2ED6B13400F98D86 /* SwiftUIIntrospect */; };
		4CA62ABE2F3F908700916837 /* UserJot in Frameworks */ = {isa = PBXBuildFile; productRef = 4CA62ABD2F3F908700916837 /* UserJot */; };
		4CA669322EB55D3F00769F3F /* Lottie in Frameworks */ = {isa = PBXBuildFile; productRef = 4CA669312EB55D3F00769F3F /* Lottie */; };
/* End PBXBuildFile section */

/* Begin PBXFileReference section */
		4C07F7B82E88245000B46866 /* Grock.app */ = {isa = PBXFileReference; explicitFileType = wrapper.application; includeInIndex = 0; path = Grock.app; sourceTree = BUILT_PRODUCTS_DIR; };
/* End PBXFileReference section */

/* Begin PBXFileSystemSynchronizedBuildFileExceptionSet section */
		4C17E3F82E8A713700D57F3F /* Exceptions for "Grock" folder in "Grock" target */ = {
			isa = PBXFileSystemSynchronizedBuildFileExceptionSet;
			membershipExceptions = (
				Fonts/Fuzzy_Bubbles/OFL.txt,
				Fonts/Lexend/OFL.txt,
				Fonts/Lexend/README.txt,
				Fonts/Shantell_Sans/OFL.txt,
				Fonts/Shantell_Sans/README.txt,
				"Fonts/Shantell_Sans/ShantellSans-Italic-VariableFont_BNCE,INFM,SPAC,wght.ttf",
				"Fonts/Shantell_Sans/ShantellSans-VariableFont_BNCE,INFM,SPAC,wght.ttf",
				Info.plist,
			);
			target = 4C07F7B72E88245000B46866 /* Grock */;
		};
/* End PBXFileSystemSynchronizedBuildFileExceptionSet section */

/* Begin PBXFileSystemSynchronizedRootGroup section */
		4C07F7BA2E88245000B46866 /* Grock */ = {
			isa = PBXFileSystemSynchronizedRootGroup;
			exceptions = (
				4C17E3F82E8A713700D57F3F /* Exceptions for "Grock" folder in "Grock" target */,
			);
			path = Grock;
			sourceTree = "<group>";
		};
/* End PBXFileSystemSynchronizedRootGroup section */

/* Begin PBXFrameworksBuildPhase section */
		4C07F7B52E88245000B46866 /* Frameworks */ = {
			isa = PBXFrameworksBuildPhase;
			buildActionMask = 2147483647;
			files = (
				4C5FE1352F3C6F03006400BE /* RevenueCat in Frameworks */,
				4CA669322EB55D3F00769F3F /* Lottie in Frameworks */,
				4C76BFED2ED6B13400F98D86 /* SwiftUIIntrospect in Frameworks */,
				4CA62ABE2F3F908700916837 /* UserJot in Frameworks */,
				4C5FE1372F3C6F03006400BE /* RevenueCatUI in Frameworks */,
				4C69B5B52F2613130078BEBF /* Glur in Frameworks */,
			);
			runOnlyForDeploymentPostprocessing = 0;
		};
/* End PBXFrameworksBuildPhase section */

/* Begin PBXGroup section */
		4C07F7AF2E88245000B46866 = {
			isa = PBXGroup;
			children = (
				4C07F7BA2E88245000B46866 /* Grock */,
				4C07F7B92E88245000B46866 /* Products */,
			);
			sourceTree = "<group>";
		};
		4C07F7B92E88245000B46866 /* Products */ = {
			isa = PBXGroup;
			children = (
				4C07F7B82E88245000B46866 /* Grock.app */,
			);
			name = Products;
			sourceTree = "<group>";
		};
/* End PBXGroup section */

/* Begin PBXNativeTarget section */
		4C07F7B72E88245000B46866 /* Grock */ = {
			isa = PBXNativeTarget;
			buildConfigurationList = 4C07F7C52E88245300B46866 /* Build configuration list for PBXNativeTarget "Grock" */;
			buildPhases = (
				4C07F7B42E88245000B46866 /* Sources */,
				4C07F7B52E88245000B46866 /* Frameworks */,
				4C07F7B62E88245000B46866 /* Resources */,
			);
			buildRules = (
			);
			dependencies = (
			);
			fileSystemSynchronizedGroups = (
				4C07F7BA2E88245000B46866 /* Grock */,
			);
			name = Grock;
			packageProductDependencies = (
				4CA669312EB55D3F00769F3F /* Lottie */,
				4C76BFEC2ED6B13400F98D86 /* SwiftUIIntrospect */,
				4C69B5B42F2613130078BEBF /* Glur */,
				4C5FE1342F3C6F03006400BE /* RevenueCat */,
				4C5FE1362F3C6F03006400BE /* RevenueCatUI */,
				4CA62ABD2F3F908700916837 /* UserJot */,
			);
			productName = Grock;
			productReference = 4C07F7B82E88245000B46866 /* Grock.app */;
			productType = "com.apple.product-type.application";
		};
/* End PBXNativeTarget section */

/* Begin PBXProject section */
		4C07F7B02E88245000B46866 /* Project object */ = {
			isa = PBXProject;
			attributes = {
				BuildIndependentTargetsInParallel = 1;
				LastSwiftUpdateCheck = 1640;
				LastUpgradeCheck = 2610;
				TargetAttributes = {
					4C07F7B72E88245000B46866 = {
						CreatedOnToolsVersion = 16.4;
					};
				};
			};
			buildConfigurationList = 4C07F7B32E88245000B46866 /* Build configuration list for PBXProject "Grock" */;
			developmentRegion = en;
			hasScannedForEncodings = 0;
			knownRegions = (
				en,
				Base,
			);
			mainGroup = 4C07F7AF2E88245000B46866;
			minimizedProjectReferenceProxies = 1;
			packageReferences = (
				4CA669302EB55D3F00769F3F /* XCRemoteSwiftPackageReference "lottie-ios" */,
				4C76BFEB2ED6B13400F98D86 /* XCRemoteSwiftPackageReference "swiftui-introspect" */,
				4C69B5B32F2613130078BEBF /* XCRemoteSwiftPackageReference "Glur" */,
				4C5FE1332F3C6F03006400BE /* XCRemoteSwiftPackageReference "purchases-ios-spm" */,
				4CA62ABC2F3F908700916837 /* XCRemoteSwiftPackageReference "userjot-ios" */,
			);
			preferredProjectObjectVersion = 77;
			productRefGroup = 4C07F7B92E88245000B46866 /* Products */;
			projectDirPath = "";
			projectRoot = "";
			targets = (
				4C07F7B72E88245000B46866 /* Grock */,
			);
		};
/* End PBXProject section */

/* Begin PBXResourcesBuildPhase section */
		4C07F7B62E88245000B46866 /* Resources */ = {
			isa = PBXResourcesBuildPhase;
			buildActionMask = 2147483647;
			files = (
			);
			runOnlyForDeploymentPostprocessing = 0;
		};
/* End PBXResourcesBuildPhase section */

/* Begin PBXSourcesBuildPhase section */
		4C07F7B42E88245000B46866 /* Sources */ = {
			isa = PBXSourcesBuildPhase;
			buildActionMask = 2147483647;
			files = (
			);
			runOnlyForDeploymentPostprocessing = 0;
		};
/* End PBXSourcesBuildPhase section */

/* Begin XCBuildConfiguration section */
		4C07F7C32E88245300B46866 /* Debug */ = {
			isa = XCBuildConfiguration;
			buildSettings = {
				ALWAYS_SEARCH_USER_PATHS = NO;
				ASSETCATALOG_COMPILER_GENERATE_SWIFT_ASSET_SYMBOL_EXTENSIONS = YES;
				CLANG_ANALYZER_NONNULL = YES;
				CLANG_ANALYZER_NUMBER_OBJECT_CONVERSION = YES_AGGRESSIVE;
				CLANG_CXX_LANGUAGE_STANDARD = "gnu++20";
				CLANG_ENABLE_MODULES = YES;
				CLANG_ENABLE_OBJC_ARC = YES;
				CLANG_ENABLE_OBJC_WEAK = YES;
				CLANG_WARN_BLOCK_CAPTURE_AUTORELEASING = YES;
				CLANG_WARN_BOOL_CONVERSION = YES;
				CLANG_WARN_COMMA = YES;
				CLANG_WARN_CONSTANT_CONVERSION = YES;
				CLANG_WARN_DEPRECATED_OBJC_IMPLEMENTATIONS = YES;
				CLANG_WARN_DIRECT_OBJC_ISA_USAGE = YES_ERROR;
				CLANG_WARN_DOCUMENTATION_COMMENTS = YES;
				CLANG_WARN_EMPTY_BODY = YES;
				CLANG_WARN_ENUM_CONVERSION = YES;
				CLANG_WARN_INFINITE_RECURSION = YES;
				CLANG_WARN_INT_CONVERSION = YES;
				CLANG_WARN_NON_LITERAL_NULL_CONVERSION = YES;
				CLANG_WARN_OBJC_IMPLICIT_RETAIN_SELF = YES;
				CLANG_WARN_OBJC_LITERAL_CONVERSION = YES;
				CLANG_WARN_OBJC_ROOT_CLASS = YES_ERROR;
				CLANG_WARN_QUOTED_INCLUDE_IN_FRAMEWORK_HEADER = YES;
				CLANG_WARN_RANGE_LOOP_ANALYSIS = YES;
				CLANG_WARN_STRICT_PROTOTYPES = YES;
				CLANG_WARN_SUSPICIOUS_MOVE = YES;
				CLANG_WARN_UNGUARDED_AVAILABILITY = YES_AGGRESSIVE;
				CLANG_WARN_UNREACHABLE_CODE = YES;
				CLANG_WARN__DUPLICATE_METHOD_MATCH = YES;
				COPY_PHASE_STRIP = NO;
				DEBUG_INFORMATION_FORMAT = dwarf;
				DEVELOPMENT_TEAM = 23C886DGJJ;
				ENABLE_STRICT_OBJC_MSGSEND = YES;
				ENABLE_TESTABILITY = YES;
				ENABLE_USER_SCRIPT_SANDBOXING = YES;
				GCC_C_LANGUAGE_STANDARD = gnu17;
				GCC_DYNAMIC_NO_PIC = NO;
				GCC_NO_COMMON_BLOCKS = YES;
				GCC_OPTIMIZATION_LEVEL = 0;
				GCC_PREPROCESSOR_DEFINITIONS = (
					"DEBUG=1",
					"$(inherited)",
				);
				GCC_WARN_64_TO_32_BIT_CONVERSION = YES;
				GCC_WARN_ABOUT_RETURN_TYPE = YES_ERROR;
				GCC_WARN_UNDECLARED_SELECTOR = YES;
				GCC_WARN_UNINITIALIZED_AUTOS = YES_AGGRESSIVE;
				GCC_WARN_UNUSED_FUNCTION = YES;
				GCC_WARN_UNUSED_VARIABLE = YES;
				IPHONEOS_DEPLOYMENT_TARGET = 18.5;
				LOCALIZATION_PREFERS_STRING_CATALOGS = YES;
				MTL_ENABLE_DEBUG_INFO = INCLUDE_SOURCE;
				MTL_FAST_MATH = YES;
				ONLY_ACTIVE_ARCH = YES;
				SDKROOT = iphoneos;
				STRING_CATALOG_GENERATE_SYMBOLS = YES;
				SWIFT_ACTIVE_COMPILATION_CONDITIONS = "DEBUG $(inherited)";
				SWIFT_OPTIMIZATION_LEVEL = "-Onone";
			};
			name = Debug;
		};
		4C07F7C42E88245300B46866 /* Release */ = {
			isa = XCBuildConfiguration;
			buildSettings = {
				ALWAYS_SEARCH_USER_PATHS = NO;
				ASSETCATALOG_COMPILER_GENERATE_SWIFT_ASSET_SYMBOL_EXTENSIONS = YES;
				CLANG_ANALYZER_NONNULL = YES;
				CLANG_ANALYZER_NUMBER_OBJECT_CONVERSION = YES_AGGRESSIVE;
				CLANG_CXX_LANGUAGE_STANDARD = "gnu++20";
				CLANG_ENABLE_MODULES = YES;
				CLANG_ENABLE_OBJC_ARC = YES;
				CLANG_ENABLE_OBJC_WEAK = YES;
				CLANG_WARN_BLOCK_CAPTURE_AUTORELEASING = YES;
				CLANG_WARN_BOOL_CONVERSION = YES;
				CLANG_WARN_COMMA = YES;
				CLANG_WARN_CONSTANT_CONVERSION = YES;
				CLANG_WARN_DEPRECATED_OBJC_IMPLEMENTATIONS = YES;
				CLANG_WARN_DIRECT_OBJC_ISA_USAGE = YES_ERROR;
				CLANG_WARN_DOCUMENTATION_COMMENTS = YES;
				CLANG_WARN_EMPTY_BODY = YES;
				CLANG_WARN_ENUM_CONVERSION = YES;
				CLANG_WARN_INFINITE_RECURSION = YES;
				CLANG_WARN_INT_CONVERSION = YES;
				CLANG_WARN_NON_LITERAL_NULL_CONVERSION = YES;
				CLANG_WARN_OBJC_IMPLICIT_RETAIN_SELF = YES;
				CLANG_WARN_OBJC_LITERAL_CONVERSION = YES;
				CLANG_WARN_OBJC_ROOT_CLASS = YES_ERROR;
				CLANG_WARN_QUOTED_INCLUDE_IN_FRAMEWORK_HEADER = YES;
				CLANG_WARN_RANGE_LOOP_ANALYSIS = YES;
				CLANG_WARN_STRICT_PROTOTYPES = YES;
				CLANG_WARN_SUSPICIOUS_MOVE = YES;
				CLANG_WARN_UNGUARDED_AVAILABILITY = YES_AGGRESSIVE;
				CLANG_WARN_UNREACHABLE_CODE = YES;
				CLANG_WARN__DUPLICATE_METHOD_MATCH = YES;
				COPY_PHASE_STRIP = NO;
				DEBUG_INFORMATION_FORMAT = "dwarf-with-dsym";
				DEVELOPMENT_TEAM = 23C886DGJJ;
				ENABLE_NS_ASSERTIONS = NO;
				ENABLE_STRICT_OBJC_MSGSEND = YES;
				ENABLE_USER_SCRIPT_SANDBOXING = YES;
				GCC_C_LANGUAGE_STANDARD = gnu17;
				GCC_NO_COMMON_BLOCKS = YES;
				GCC_WARN_64_TO_32_BIT_CONVERSION = YES;
				GCC_WARN_ABOUT_RETURN_TYPE = YES_ERROR;
				GCC_WARN_UNDECLARED_SELECTOR = YES;
				GCC_WARN_UNINITIALIZED_AUTOS = YES_AGGRESSIVE;
				GCC_WARN_UNUSED_FUNCTION = YES;
				GCC_WARN_UNUSED_VARIABLE = YES;
				IPHONEOS_DEPLOYMENT_TARGET = 18.5;
				LOCALIZATION_PREFERS_STRING_CATALOGS = YES;
				MTL_ENABLE_DEBUG_INFO = NO;
				MTL_FAST_MATH = YES;
				SDKROOT = iphoneos;
				STRING_CATALOG_GENERATE_SYMBOLS = YES;
				SWIFT_COMPILATION_MODE = wholemodule;
				VALIDATE_PRODUCT = YES;
			};
			name = Release;
		};
		4C07F7C62E88245300B46866 /* Debug */ = {
			isa = XCBuildConfiguration;
			buildSettings = {
				ASSETCATALOG_COMPILER_APPICON_NAME = AppIcon;
				ASSETCATALOG_COMPILER_GLOBAL_ACCENT_COLOR_NAME = AccentColor;
				CODE_SIGN_STYLE = Automatic;
				CURRENT_PROJECT_VERSION = 1;
				DEVELOPMENT_TEAM = BCUFVJJD88;
				ENABLE_PREVIEWS = YES;
				GENERATE_INFOPLIST_FILE = YES;
				INFOPLIST_FILE = Grock/Info.plist;
				INFOPLIST_KEY_LSApplicationCategoryType = "public.app-category.finance";
				INFOPLIST_KEY_UIApplicationSceneManifest_Generation = YES;
				INFOPLIST_KEY_UIApplicationSupportsIndirectInputEvents = YES;
				INFOPLIST_KEY_UILaunchScreen_Generation = YES;
				INFOPLIST_KEY_UISupportedInterfaceOrientations = UIInterfaceOrientationPortrait;
				INFOPLIST_KEY_UISupportedInterfaceOrientations_iPad = "UIInterfaceOrientationLandscapeLeft UIInterfaceOrientationLandscapeRight UIInterfaceOrientationPortrait UIInterfaceOrientationPortraitUpsideDown";
				IPHONEOS_DEPLOYMENT_TARGET = 18.6;
				LD_RUNPATH_SEARCH_PATHS = (
					"$(inherited)",
					"@executable_path/Frameworks",
				);
				MARKETING_VERSION = 1.0;
				PRODUCT_BUNDLE_IDENTIFIER = com.ethanjohnpaguntalan.grock;
				PRODUCT_NAME = "$(TARGET_NAME)";
				SWIFT_EMIT_LOC_STRINGS = YES;
				SWIFT_VERSION = 5.0;
				TARGETED_DEVICE_FAMILY = "1,2";
			};
			name = Debug;
		};
		4C07F7C72E88245300B46866 /* Release */ = {
			isa = XCBuildConfiguration;
			buildSettings = {
				ASSETCATALOG_COMPILER_APPICON_NAME = AppIcon;
				ASSETCATALOG_COMPILER_GLOBAL_ACCENT_COLOR_NAME = AccentColor;
				CODE_SIGN_STYLE = Automatic;
				CURRENT_PROJECT_VERSION = 1;
				DEVELOPMENT_TEAM = 23C886DGJJ;
				ENABLE_PREVIEWS = YES;
				GENERATE_INFOPLIST_FILE = YES;
				INFOPLIST_FILE = Grock/Info.plist;
				INFOPLIST_KEY_LSApplicationCategoryType = "public.app-category.finance";
				INFOPLIST_KEY_UIApplicationSceneManifest_Generation = YES;
				INFOPLIST_KEY_UIApplicationSupportsIndirectInputEvents = YES;
				INFOPLIST_KEY_UILaunchScreen_Generation = YES;
				INFOPLIST_KEY_UISupportedInterfaceOrientations = UIInterfaceOrientationPortrait;
				INFOPLIST_KEY_UISupportedInterfaceOrientations_iPad = "UIInterfaceOrientationLandscapeLeft UIInterfaceOrientationLandscapeRight UIInterfaceOrientationPortrait UIInterfaceOrientationPortraitUpsideDown";
				IPHONEOS_DEPLOYMENT_TARGET = 18.6;
				LD_RUNPATH_SEARCH_PATHS = (
					"$(inherited)",
					"@executable_path/Frameworks",
				);
				MARKETING_VERSION = 1.0;
				PRODUCT_BUNDLE_IDENTIFIER = com.ethanjohnpaguntalan.ios.GrockBudgeting;
				PRODUCT_NAME = "$(TARGET_NAME)";
				SWIFT_EMIT_LOC_STRINGS = YES;
				SWIFT_VERSION = 5.0;
				TARGETED_DEVICE_FAMILY = "1,2";
			};
			name = Release;
		};
/* End XCBuildConfiguration section */

/* Begin XCConfigurationList section */
		4C07F7B32E88245000B46866 /* Build configuration list for PBXProject "Grock" */ = {
			isa = XCConfigurationList;
			buildConfigurations = (
				4C07F7C32E88245300B46866 /* Debug */,
				4C07F7C42E88245300B46866 /* Release */,
			);
			defaultConfigurationIsVisible = 0;
			defaultConfigurationName = Release;
		};
		4C07F7C52E88245300B46866 /* Build configuration list for PBXNativeTarget "Grock" */ = {
			isa = XCConfigurationList;
			buildConfigurations = (
				4C07F7C62E88245300B46866 /* Debug */,
				4C07F7C72E88245300B46866 /* Release */,
			);
			defaultConfigurationIsVisible = 0;
			defaultConfigurationName = Release;
		};
/* End XCConfigurationList section */

/* Begin XCRemoteSwiftPackageReference section */
		4C5FE1332F3C6F03006400BE /* XCRemoteSwiftPackageReference "purchases-ios-spm" */ = {
			isa = XCRemoteSwiftPackageReference;
			repositoryURL = "https://github.com/RevenueCat/purchases-ios-spm.git";
			requirement = {
				kind = upToNextMajorVersion;
				minimumVersion = 5.58.0;
			};
		};
		4C69B5B32F2613130078BEBF /* XCRemoteSwiftPackageReference "Glur" */ = {
			isa = XCRemoteSwiftPackageReference;
			repositoryURL = "https://github.com/joogps/Glur";
			requirement = {
				kind = upToNextMajorVersion;
				minimumVersion = 1.1.0;
			};
		};
		4C76BFEB2ED6B13400F98D86 /* XCRemoteSwiftPackageReference "swiftui-introspect" */ = {
			isa = XCRemoteSwiftPackageReference;
			repositoryURL = "https://github.com/siteline/swiftui-introspect";
			requirement = {
				kind = upToNextMajorVersion;
				minimumVersion = 26.0.0;
			};
		};
		4CA62ABC2F3F908700916837 /* XCRemoteSwiftPackageReference "userjot-ios" */ = {
			isa = XCRemoteSwiftPackageReference;
			repositoryURL = "https://github.com/UserJot/userjot-ios";
			requirement = {
				kind = upToNextMajorVersion;
				minimumVersion = 0.3.0;
			};
		};
		4CA669302EB55D3F00769F3F /* XCRemoteSwiftPackageReference "lottie-ios" */ = {
			isa = XCRemoteSwiftPackageReference;
			repositoryURL = "https://github.com/airbnb/lottie-ios.git";
			requirement = {
				kind = upToNextMajorVersion;
				minimumVersion = 4.5.2;
			};
		};
/* End XCRemoteSwiftPackageReference section */

/* Begin XCSwiftPackageProductDependency section */
		4C5FE1342F3C6F03006400BE /* RevenueCat */ = {
			isa = XCSwiftPackageProductDependency;
			package = 4C5FE1332F3C6F03006400BE /* XCRemoteSwiftPackageReference "purchases-ios-spm" */;
			productName = RevenueCat;
		};
		4C5FE1362F3C6F03006400BE /* RevenueCatUI */ = {
			isa = XCSwiftPackageProductDependency;
			package = 4C5FE1332F3C6F03006400BE /* XCRemoteSwiftPackageReference "purchases-ios-spm" */;
			productName = RevenueCatUI;
		};
		4C69B5B42F2613130078BEBF /* Glur */ = {
			isa = XCSwiftPackageProductDependency;
			package = 4C69B5B32F2613130078BEBF /* XCRemoteSwiftPackageReference "Glur" */;
			productName = Glur;
		};
		4C76BFEC2ED6B13400F98D86 /* SwiftUIIntrospect */ = {
			isa = XCSwiftPackageProductDependency;
			package = 4C76BFEB2ED6B13400F98D86 /* XCRemoteSwiftPackageReference "swiftui-introspect" */;
			productName = SwiftUIIntrospect;
		};
		4CA62ABD2F3F908700916837 /* UserJot */ = {
			isa = XCSwiftPackageProductDependency;
			package = 4CA62ABC2F3F908700916837 /* XCRemoteSwiftPackageReference "userjot-ios" */;
			productName = UserJot;
		};
		4CA669312EB55D3F00769F3F /* Lottie */ = {
			isa = XCSwiftPackageProductDependency;
			package = 4CA669302EB55D3F00769F3F /* XCRemoteSwiftPackageReference "lottie-ios" */;
			productName = Lottie;
		};
/* End XCSwiftPackageProductDependency section */
	};
	rootObject = 4C07F7B02E88245000B46866 /* Project object */;
}
