{
  "originHash" : "4bae8570daeef0664775d9f1ef299c8f5aa54905d37b55db8f2252777f82720d",
  "pins" : [
    {
      "identity" : "lottie-ios",
      "kind" : "remoteSourceControl",
      "location" : "https://github.com/airbnb/lottie-ios.git",
      "state" : {
        "revision" : "a004050748dc197c56256a14dca49a035d74726c",
        "version" : "4.5.2"
      }
    },
    {
      "identity" : "purchases-ios-spm",
      "kind" : "remoteSourceControl",
      "location" : "https://github.com/RevenueCat/purchases-ios-spm.git",
      "state" : {
        "revision" : "8f5df97653eb361a2097119479332afccf0aa816",
        "version" : "5.58.0"
      }
    },
    {
      "identity" : "userjot-ios",
      "kind" : "remoteSourceControl",
      "location" : "https://github.com/UserJot/userjot-ios",
      "state" : {
        "revision" : "8597775dfbf70a16bce37fe913a5eca230ed9f17",
        "version" : "0.3.0"
      }
    }
  ],
  "version" : 3
}
